
Microsoft Visual Studio Solution File, Format Version 12.00
# Visual Studio Version 16
VisualStudioVersion = 16.0.29123.88
MinimumVisualStudioVersion = 10.0.40219.1
Project("{FAE04EC0-301F-11D3-BF4B-00C04F79EFBC}") = "SortString", "SortString.csproj", "{F611A6F4-995F-465F-B5FF-30C835560416}"
EndProject
Global
	GlobalSection(SolutionConfigurationPlatforms) = preSolution
		Debug|Any CPU = Debug|Any CPU
		Release|Any CPU = Release|Any CPU
	EndGlobalSection
	GlobalSection(ProjectConfigurationPlatforms) = postSolution
		{F611A6F4-995F-465F-B5FF-30C835560416}.Debug|Any CPU.ActiveCfg = Debug|Any CPU
		{F611A6F4-995F-465F-B5FF-30C835560416}.Debug|Any CPU.Build.0 = Debug|Any CPU
		{F611A6F4-995F-465F-B5FF-30C835560416}.Release|Any CPU.ActiveCfg = Release|Any CPU
		{F611A6F4-995F-465F-B5FF-30C835560416}.Release|Any CPU.Build.0 = Release|Any CPU
	EndGlobalSection
	GlobalSection(SolutionProperties) = preSolution
		HideSolutionNode = FALSE
	EndGlobalSection
	GlobalSection(ExtensibilityGlobals) = postSolution
		SolutionGuid = {7F09BEFD-0876-4674-90AD-62C615903CD3}
	EndGlobalSection
EndGlobal
